cloud.google.com/go v0.26.0/go.mod h1:aQUYkXzAT5W8gBLxbDYkQtlMVJJIn0LEAzLjycIylk=
github.com/bep/golibsass v0.7.0/go.mod h1:pO9UJnwGoeLtz+TZ4Aa6thLSNCCRP3t33Lr50m2m/8=
github.com/bmizerany/assert v0.0.0-20160611221934-b7ed98b42fde h1:DDQ7nP6+JRP61B28F0goeJoVEhtria+wja5xEGoUAweU=
github.com/bmizerany/assert v0.0.0-20160611221934-b7ed98b42fde/go.mod h1:Ekp36dRnpXw/yCqJaO+41WWBavzthZnhw57gsoRZQQ=
github.com/bytedance/sonic v1.5.0/go.mod h1:ED5hyg4y6t3/9Ku1R6dU0PR8gKqYZ57i98k/+/5bNM=
github.com/bytedance/sonic v1.9.1 h1:6EnJm8ELwOD7l8MCQvPxCfMwf2n/9Gr8nwGtJ7WeKI=
github.com/bytedance/sonic v1.9.1/go.mod h1:i736AoUSYt75HyZLoJW9ERYxcy6eaN6h74oZCQX7GE=
github.com/cespare/xxhash/v2 v2.1.1/go.mod h1:VGX0DQ3Q6Gyn7JiahCppPiS8aFD+StqKChqq+21cLI=
github.com/chenzhuoyu/base64x v0.0.0-20211019084208-fb5309c8db06/go.mod h1:DH46F32mSOjUmwY+wLdX/divine/m+zx7+RWY54jWvYQ=
github.com/chenzhuoyu/base64x v0.0.0-20221115062448-fe3a3abad311 h1:qSEJ3omecpxninlpCgj5rEfrPcKEsN1aBZgwzWecaA=
github.com/chenzhuoyu/base64x v0.0.0-20221115062448-fe3a3abad311/go.mod h1:b583jCggY9gE99b6G5LEC39OIiVsWj+rMU0xFklNrY=
github.com/davecgh/go-spew v1.1.0/go.mod h1:J7Y8YcW2NsaIYQ2nfuSUboy1IA00/+tFNbBrWMVkD0=
github.com/davecgh/go-spew v1.1.1 h1:DkWD4oS2D8LrgSCVNYvtvgqqMM5+/Im6OePNN72WA=
github.com/davecgh/go-spew v1.1.1/go.mod h1:J7Y8YcW2NsaIYQ2nfuSUboy1IA00/+tFNbBrWMVkD0=
github.com/fatih/color v1.10.0/go.mod h1:ELkj/8ktL6a+PJBNDblVrDNov1mHEzoLo3NV5qJstY=
github.com/fatih/strutag v0.0.0-20180604193219-d6c6a516b0c2/go.mod h1:G4TtqmDH8RtmM3zEZw75QEBYcM16ZcIeSLJ0gkLnXk=
github.com/gabriel-vasile/mimetype v1.4.2 h1:w5qFW6JKBz9Y393Y4q372O9A7cVL5~5VKJvx7+BsMQ=
github.com/gabriel-vasile/mimetype v1.4.2/go.mod h1:zApsH/mKG4w07erKIaJPFiX0d8ZiHlwrCz8G7C7S38=
github.com/gin-contrib/gzip v0.0.1/go.mod h1:fGBJBCdt6qCZuCAEm+2XWHcPLI2W62v1UJsfpQvMsw=
github.com/gin-contrib/sse v0.1.0 h1:Y/yl/+YNO8GZSvPa8/LLzQ6WtWPhGGLLKYAOVL6D0=
github.com/gin-contrib/sse v0.1.0/go.mod h1:RKSo9UKL63AdewzUuz4G/dAMS/oPiGHeNUm74ZYS+8=
github.com/gin-gonic/gin v1.5.0/go.mod h1:Nd6IXA8FS73Z5HLmbLEUeDjXfB4IGrZKvvn1xinyVE=
github.com/gin-gonic/gin v1.6.0/go.mod h1:Nd6IXA8FS73Z5HLmbLEUeDjXfB4IGrZKvvn1xinyVE=
github.com/gin-gonic/gin v1.9.1 h1:4idEAncQnU5cB7BeachG3G3gJ7qQixLl7ke7aFtxPU=
github.com/gin-gonic/gin v1.9.1/go.mod h1:hPrL7YrpYKXv8YDY6Aieqa10FkcBCa/gla782iW4/c=
github.com/go-playground/assert/v2 v2.2.0 h1:JvknZsQTYeFEAhQwI9qRnrAIQCUiiodg2E/PorkaiY=
github.com/go-playground/assert/v2 v2.2.0/go.mod h1:VDjEfimB/XKnb+ZQfWdWmw8P5R6ycxahN3J7/O5810=
github.com/go-playground/locales v0.13.0/go.mod h1:taPMhCMXrRLJO55olJkUXHr+KsHWF1tlUvcHqfeDNI=
github.com/go-playground/locales v0.14.1 h1:EWaQ/wswjilfKLTECiXz7Rh+3BjFhfDFKv/oXslEjY=
github.com/go-playground/locales v0.14.1/go.mod h1:hxrqLVvrK65+Rwrd5Fc6F2O76J0NqWOlYEDTneSJ24=
github.com/go-playground/universal-translator v0.17.0/go.mod h1:UkSxE5sNxxRwHyU+Scu5vgOQjsIJAF8j9muFKaJV0=
github.com/go-playground/universal-translator v0.18.1 h1:Bcnm0ZwsGyWbxAxly3gJ051H2FbrQV4Xn9URuCuxII=
github.com/go-playground/universal-translator v0.18.1/go.mod h1:xekY+UJKNuX9WPE873Q0l/L1WQWIPheasLJSlorsSA=
github.com/go-playground/validator/v10 v10.4.1/go.mod h1:nlOn6nFZJLui6zNZhSsSEvmIx/qexbXvnOKfdiKLcO=
github.com/go-playground/validator/v10 v10.14.0 h1:vgvQWe3XCz3gISTART2z2mNiPjuwTtAmjZm41w68osU=
github.com/go-playground/validator/v10 v10.14.0/go.mod h1:9iXMfT+LoJZr5IrLARwQmskV39LtGK3vqerjZhlbqc=
github.com/go-sql-driver/mysql v1.5.0/go.mod h1:DCzpHaOWr8IXmIStZouvnhqo0fR8duZOYGV4p71C/o=
github.com/goccy/go-json v0.9.7/go.mod h1:/PAJyPkfe/P5I4DOxUozH3yGMQJK2dRvJKycbtvAQ8=
github.com/goccy/go-json v0.10.2 h1:CqvMoZfysVFs8V+RPQvp/wxohol7jWMVgs+nsMQvjM=
github.com/goccy/go-json v0.10.2/go.mod h1:6MelG93GURQsIFSNFOVUSGncrj86xNB3dcL5yHTIGA=
github.com/golang/glog v0.0.0-20160126235308-23def4e6c14b/go.mod h1:SBH7ygxi8pfUlaOkMMuAQtPIUF3ecl5Au2tzlAbe4u=
github.com/golang/mock v1.1.1/go.mod h1:oTYuIxOrZjybALH78ea4t23i2nXS3K35sCynBTSrDU=
github.com/golang/protobuf v1.2.0/go.mod h1:6lQm79b+lXiMfvg/cZm0SGofjICqVBUtrP5yJMmIC0=
github.com/golang/protobuf v1.3.1/go.mod h1:6lQm79b+lXiMfvg/cZm0SGofjICqVBUtrP5yJMmIC0=
github.com/golang/protobuf v1.3.2/go.mod h1:6lQm79b+lXiMfvg/cZm0SGofjICqVBUtrP5yJMmIC0=
github.com/golang/protobuf v1.4.0-rc.1/go.mod h1:ceaxUfeHzB/IrCDV0XSESVjgrKdsOJx2tUnR8FSfuA=
github.com/golang/protobuf v1.4.0-rc.1.0.20200221234624-67d41d38eb8b/go.mod h1:xKAWHe0f5renWoL7CdLK5QVgkRzJwFO7sCfDKTMPG0=
github.com/golang/protobuf v1.4.0-rc.2/go.mod h1:LlEzMj4AJsfqbaZCb/2YyZCccyauQzXi51RVdhvZea=
github.com/golang/protobuf v1.4.0-rc.4.0.20191106192134-fbdcc648e997/go.mod h1:xKAWHe0f5renWoL7CdLK5QVgkRzJwFO7sCfDKTMPG0=
github.com/golang/protobuf v1.4.0/go.mod h1:jodUvVJQsarroMynzEk4Jc9P9iA0c02mIVEL7YHFE=
github.com/golang/protobuf v1.4.2/go.mod h1:oDjeIradujrdmL7t+RjNzS9B24nSvAvvkkP/E1DnSo=
github.com/golang/protobuf v1.5.0/go.mod h1:FsONVRAS9T7sI47QmDgj2ObqmRZTWNzK17tsinbMsk=
github.com/golang/protobuf v1.5.2/go.mod h1:XVQd3VNwM+JqD3oG2Ue2ip4fOMUkwXMi+y1ykR8V5I=
github.com/googleapis/gax-go/v2 v2.0.4/go.mod h1:0Wqv26UfasSbksy1BDlL2tC7gsSk+CUckctxhH5Gap=
github.com/google/go-cmp v0.2.0/go.mod h1:oXzfMopK8JAjlY9xF4vHSVASj0eq8u3eRzLLsrv3rQ=
github.com/google/go-cmp v0.3.0/go.mod h1:8QqcDgzrUqlUb/G2PQTWiueGozuR1884gddMywk6iLU=
github.com/google/go-cmp v0.3.1/go.mod h1:8QqcDgzrUqlUb/G2PQTWiueGozuR1884gddMywk6iLU=
github.com/google/go-cmp v0.4.0/go.mod h1:v8dTdLbMG2kIc/vJvl+f65V22d2XxQoids9L6gIfA=
github.com/google/go-cmp v0.5.0/go.mod h1:v8dTdLbMG2kIc/vJvl+f65V22d2XxQoids9L6gIfA=
github.com/google/go-cmp v0.5.5/go.mod h1:v8dTdLbMG2kIc/vJvl+f65V22d2XxQoids9L6gIfA=
github.com/google/gofuzz v1.0.0/go.mod h1:dBl0BpW6vV/+VaRago6ylliyaL+XvndRA5CD4zcsT0=
github.com/google/uuid v1.5.0 h1:1p67kYwdtXjb0gL0BPiP1Av9wiZPo5A8z2cWkTZ+eyU=
github.com/google/uuid v1.5.0/go.mod h1:TIyPZe4MgqvfeYDBFedMoGGpEw/LqOQaKKbngISstg=
github.com/grpc-ecosystem/grpc-gateway v1.9.0/go.mod h1:vNeuVxBJlm5/gN5nLDXEEsOJvIcrPj6ceccatTnhjo=
github.com/jackc/pgproto3/v2 v2.0.0-alpha1.0.20190420180111-c116d0eda3d0/go.mod h1:b9NKBJb5v8ksxiyanUPnKEND7jg7xUZ9MWZkrNF03w=
github.com/jackc/pgx/v4 v4.0.0-20190420224344-cc3461e65d96/go.mod h1:mdxmSJJucp08CjlzQeSVRQE7VHqFKmdL8egKieM72q=
github.com/jackc/oid v1.0.0/go.mod h1:+7OIlDV5o6m15vBJct1Cas6aH5DRwVMGY5awkc+KsU=
github.com/jackc/pgconn v0.0.0-20190420214824-7e0022ef6ba3/go.mod h1:jkELnwyATqFP/K/75HchSvqRGMaSRUApqFP35qIY4A=
github.com/jackc/pgpassfile v1.0.0/go.mod h1:CEx0iS5ambNFdcRtxPj5JhEz+xB6uRky5eyVQ8/fy8=
github.com/jackc/pgx/v4 v4.0.0-pre.0.20190413233908-ce2017f37898/go.mod h1:HKQPgSJmdK8W1QtrOm3pg+2y5DToKmGpqR3AAAL7Pg=
github.com/jackc/pgx/v4 v4.5.0/go.mod h1:EpAKPLdnTorwmPUUsqrPjiwe40rD75SPrDAUX61KE8=
github.com/joho/godotenv v1.5.1 h1:7P4SfwW0WTExVRstgLbyW3GzGvWP3D8Z8M0gVEC3v0=
github.com/joho/godotenv v1.5.1/go.mod h1:f4LDr5Voq0i2e/R5DDNOoa2zzDfwtkZa6DxwEWR+0=
github.com/json-iterator/go v1.1.10/go.mod h1:KdQUCv79m/52Kvf8rsS46z7aVfuKOXHkhsXvunPvkQ=
github.com/json-iterator/go v1.1.12 h1:PV8peI4a0ysnczrg+LtxykD8LfKY9ML6u2QJt12xIk=
github.com/json-iterator/go v1.1.12/go.mod h1:e30LSqwooZae/UwlEbR2852Gd8vFsBiO9A5sxcxogY=
github.com/jstemmer/go-junit-report v0.0.0-20190106144839-af01ea7f8024/go.mod h1:6v2b51hxbGCD4Jqzkxi+6C5S5iBWXYZZ+cecl8vIqA=
github.com/jstemmer/go-junit-report v0.9.1/go.mod h1:Brl9fiZ1mb/j6icv6QgYlTQe58em7vslFBjrGiNqfA=
github.com/julienschmidt/httprouter v1.2.0/go.mod h1:SYymIcj16QtmaHHD7aYBTXL3m3v9a7a7iAX5FAecAE=
github.com/jung-kurt/gofpdf v1.0.0/go.mod h1:n3cvlKZ9K0iVxx8DMtfySTfs6xktQQrgLrxJes9vKU=
github.com/kardianos/osext v0.0.0-20190222173326-2bc1f35cddc0/go.mod h1:CL0/9 opgevolgd23dQW3C4eNNoxQstgozhBQW35Ot6rBc=
github.com/klauspost/compress v1.9.1/go.mod h1:C6P6iAT2qoswghMBO5bA5bI+RiKLBks+hMtku+DVs8=
github.com/klauspost/compress v1.11.0/go.mod h1:aoV0uJzsreed+V+ps2nVrSeEAf3LfCChq7fSmJValc=
github.com/klauspost/cpuid v1.2.1/go.mod h1:Pj6cCggcAkkOiGPhQa4d0nWP60lW+9RWyqzhGm9ERc=
github.com/klauspost/cpuid v1.3.1/go.mod h1:bP7MjuwAVezS641ZvLcUaRgV平4a1WwPfqiMJMVI=
github.com/leodido/go-urn v1.2.0/go.mod h1:+8+nQpgOaY5gSMoBBzGvVdJZTPOHA8BWm7NJZDsF1A=
github.com/leodido/go-urn v1.2.4 h1:XlAE/cm/ms7TE/VMVoduSpNBoyc2dOxHs5PrKSS5RI=
github.com/leodido/go-urn v1.2.4/go.mod h1:7ZrI8mTSeBSHl/UaIEOpfN6r89f+qHChduM00ZauPs=
github.com/lib/pq v1.0.0/go.mod h1:5WUZQaAV5AvMkqtrq0KVV8QjkE1SYmnRapTr56jMvo=
github.com/lib/pq v1.2.0/go.mod h1:5WUZQaAV5AvMkqtrq0KVV8QjkE1SYmnRapTr56jMvo=
github.com/lib/pq v1.10.2/go.mod h1:AlVN5x4E4xjYaZriQKwILbnXnxok9f7xg4B9dAROmc=
github.com/mattn/go-colorable v0.1.6/go.mod h1:u6P/XGofy0kqq7qLSBfF2s/DKlPQD9/OJpAP9Qk9Aw=
github.com/mattn/go-colorable v0.1.7/go.mod h1:u6P/XGofy0kqq7qLSBfF2s/DKlPQD9/OJpAP9Qk9Aw=
github.com/mattn/go-isatty v0.0.12/go.mod h1:jrNMxpdyPd7dvqD9NdZk5Tk6KwDeRX001g4j1pdvrQ=
github.com/mattn/go-isatty v0.0.16/go.mod h1:kYGgaQfj6s7p7u7zrZFSQ3OLySnV6BL2S5LKQ1ZGoI=
github.com/mattn/go-isatty v0.0.17 h1:BTarxUcIeDqL8DCbnyT9+10r7aQ/grhE81YNY7a46o=
github.com/mattn/go-isatty v0.0.17/go.mod h1:kYGgaQfj6s7p7u7zrZFSQ3OLySnV6BL2S5LKQ1ZGoI=
github.com/mattn/go-sqlite3 v1.14.14 h1:qZgc/Rwetq+MtyE18SwMuWbretWbfcQUxZHSh+5NcU=
github.com/mattn/go-sqlite3 v1.14.14/go.mod h1:NyWgC/yNuGj7Q9rpYRZvRptlvKvfsNw/v3zaveSOfy=
github.com/matttproud/golang_protobuf_extensions v1.0.1/go.mod h1:D8He9yIvLDll7hEMyT5a1hNwWZXxcumgH7N9CYkok4=
github.com/modern-go/concurrent v0.0.0-20180228061459-e0a39a4cb421/go.mod h1:6dJC0mAP4ikYjZPTSRHd9P4kxSTgsn7bA9L0c9mLmU=
github.com/modern-go/concurrent v0.0.0-20180306012644-bacd9c7ef1dd h1:TRLaZ9cD8jYwQV+K3PN6wIqwkEZtzMZ8aEtabbqbWE=
github.com/modern-go/concurrent v0.0.0-20180306012644-bacd9c7ef1dd/go.mod h1:6dJC0mAP4ikYjZPTSRHd9P4kxSTgsn7bA9L0c9mLmU=
github.com/modern-go/reflect2 v0.0.0-20180701023420-4b7aa43c6742/go.mod h1:bx2lNnkwVCuqBIxFRntlJt8Aei6qg48yLVxLg2 Giusw=
github.com/modern-go/reflect2 v1.0.1/go.mod h1:bx2lNnkwVCuqBIxFRntlJt8Aei6qg48yLVxLg2Quisw=
github.com/modern-go/reflect2 v1.0.2 h1:xBagoLtFs94CBntxluKeaWgTMpvLxC4ur3nMaC8Ti4=
github.com/modern-go/reflect2 v1.0.2/go.mod h1:yWuevngMOJpCeZrnZYb84TbSNWFcRN3b/MsetjIys4=
github.com/nicksnyder/go-i18n/v2 v2.2.1 h1:6dW1dVnYL0fHKd+yWtHlqywO4NOXEHAzR1m6V0ZUPU=
github.com/nicksnyder/go-i18n/v2 v2.2.1/go.mod h1:a1/UpzeyV2bVuO4e1ff+aWUaAV1+8SAO7eyJrOkjD4=
github.com/opentracing/opentracing-go v1.1.0/go.mod h1:UkNAQd3GIcIl+H5LchLprqAO8kYIXV7epZZcZ+/LFU=
github.com/pelletier/go-toml/v2 v2.0.6 h1:nwECk9l6VDn6oj0vn8FtISOVVff2DKATYte8W7X7ZE=
github.com/pelletier/go-toml/v2 v2.0.6/go.mod h1:eumQOmlWiOPt5WriQQqoM5y18pDHwha2N+iOhKlptA=
github.com/pkg/errors v0.8.0/go.mod h1:bwawxfHBFNV+L2hUp1rHADufV3IMtnbQlktKhiruboM=
github.com/pkg/errors v0.8.1/go.mod h1:bwawxfHBFNV+L2hUp1rHADufV3IMtnbQlktKhiruboM=
github.com/pkg/errors v0.9.1/go.mod h1:bwawxfHBFNV+L2hUp1rHADufV3IMtnbQlktKhiruboM=
github.com/pmezard/go-difflib v1.0.0 h1:4DBwDE0NGyQoBHrk94f+wx1lnu4OsbXD46msn94AV8=
github.com/pmezard/go-difflib v1.0.0/go.mod h1:iKH77koFhYxTK1pcRnkGLp1M8B+fzlkeE7p9rN/lWI=
github.com/prometheus/client_golang v0.9.1/go.mod h1:7SWBe2y4D6OKWSNQJUaRYU/AaXR73+z2wqv8Nq8zwQ=
github.com/prometheus/client_golang v1.0.0/go.mod h1:db9x61etRT2tZO23ogm4MsxE9c6hWShRn8f0R21mdQ=
github.com/prometheus/client_model v0.0.0-20180712105110-5c3871d89910/go.mod h1:MbSvNEP6NU+FSHBPtangwNI+yRr+MixV4FSEEqXQlQ=
github.com/prometheus/common v0.4.1-0.20190518221613-d4b75eab1146/go.mod h1:TNfzLD0ON7rHzMJeJkieUDPYmFC7Snx/y86RQel1bk=
github.com/prometheus/procfs v0.0.0-20190117184657-bf6a532e95b1/go.mod h1:c3At6R/oaqEKCNdg8wHV+OE7I6w0eMKkYN6eFNTTWE=
github.com/prometheus/procfs v0.0.2/go.mod h1:TjEm7ze935MbeOT/UhFTIMYKhuLP4wbCntsFt6mwB0=
github.com/prometheus/procfs v0.1.3/go.mod h1:lV6e/gmhEcm9owUwDj7dcJ/E7fh9fgk45BNF2D4J6Y=
github.com/rogpeppe/go-internal v1.3.0/go.mod h1:M8bDsm7K2OlrFQOvxuLDMIrIZZEJJB8iivYApKL37M=
github.com/rogpeppe/go-internal v1.5.2/go.mod h1:xXDCJY+GAPziupqXw51xdicQTTELlCL1KfgJzd0O9M=
github.com/rogpeppe/go-internal v1.6.1/go.mod h1:xXDCJY+GAPziupqXw51xdicQTTELlCL1KfgJzd0O9M=
github.com/rogpeppe/go-internal v1.8.0/go.mod h1:WmiCO8CzOY8rg0OYJTD/lOrEAn1QltgoNj9qL3x4L8=
github.com/rogpeppe/go-internal v1.8.1/go.mod h1:JeRgkft04UBgHMgCIwADu4Pn6Mtm+7zSrFqdrMgNKA=
github.com/rogpeppe/go-internal v1.10.0 h1:TMyIoffs31GO+D05neg1BTjEVbMSYNAiM58I+8+nI=
github.com/rogpeppe/go-internal v1.10.0/go.mod h1:UQnix2H7Ngw/k4C5ijL5+65zddjncjaFoBxtores00=
github.com/rs/cors v1.8.0/go.mod h1:4BmUZAFrc7nMYXQ5/1DfEKpg6 acp6/LaJrLfysXQI=
github.com/satori/go.uuid v1.2.0/go.mod h1:dA0hQrYB0VpLJoorglMZABFdXlzrra7W57UIbbdQMY=
github.com/sirupsen/logrus v1.2.0/go.mod h1:LxeOpSwHxABJmUn/MG1IvRgCAasNZTLOkJPxbbu5VE=
github.com/sirupsen/logrus v1.4.1/go.mod h1:ni0Sbl8bgQGLstylsPJN9IrGwTuoFAApYMQ36jIevU=
github.com/sirupsen/logrus v1.4.2/go.mod h1:tLMulIdttU9McNUqedsri7o0xCUImHy+t7K3+j+sGc=
github.com/smartystreets/assertions v0.0.0-20180927180507-b42148e298c8/go.mod h1:QapD/SEcnd7ff04fQW6ydFenQrivV2533tuasnIO19U=
github.com/smartystreets/go-aws-auth v0.0.0-20180515143844-0c1422d1fdb9/go.mod h1:SnfjgcuJx0X7KLSonv0XdMpdCayI2QNapproximate=
github.com/smartystreets/gunit v1.0.0/go.mod h1:qwPWnhz6pn0NnRBP++40y8mfMDoIkm4yfEzMsKIKOY=
github.com/stretchr/objx v0.1.0/go.mod h1:HFkY916IF+rwdDfMAkQlOW0+5NM5oowwezO9Ia75+I=
github.com/stretchr/objx v0.1.1/go.mod h1:HFkY916IF+rwdDfMAkQlOW0+5NM5oowwezO9Ia75+I=
github.com/stretchr/testify v1.2.2/go.mod h1:a8OnRvjiZVCFLF3wGiHM+awuAzwis1ZNp+U2c7Y8De=
github.com/stretchr/testify v1.3.0/go.mod h1:M5WIy9Dh21IEIfnGCwXCqcK+c5ePqxMH56Mu0N+IJ0=
github.com/stretchr/testify v1.4.0/go.mod h1:j7eGeouHqKxXV5pUuKE4zz7dFj8WfuZ+81QRhNzTqQ=
github.com/stretchr/testify v1.5.1/go.mod h1:5W2xD1RspED5o8YsWQXVCued0rvSQ+mPC9pnuAVEOS=
github.com/stretchr/testify v1.6.1/go.mod h1:6Fq8oRcR53rry900zMqJjRRixrwX3KX962/h/Wwjtc=
github.com/stretchr/testify v1.7.0/go.mod h1:6Fq8oRcR53rry900zMqJjRRixrwX3KX962/h/Wwjtc=
github.com/stretchr/testify v1.7.1/go.mod h1:6Fq8oRcR53rry900zMqJjRRixrwX3KX962/h/Wwjtc=
github.com/stretchr/testify v1.8.0/go.mod h1:yNjsSANLkQwp3shTQIcM1MetjgaA5moglssX8aePmI=
github.com/stretchr/testify v1.8.1 h1:w7B6lhMri9wdJUgOZBL7FjMrUIH4qkIjWWXEi8Pk64=
github.com/stretchr/testify v1.8.1/go.mod h1:w2LPCIKwD7w0kZUCiMstQQtOVJIrXQssSML5qbqQYM=
github.com/swaggo/files v0.0.0-20190704085106-630677cd5c14/go.mod h1:gxQT6pBGRuIGmjCGhvR+rz3GeKiwR60mjGS3DqqMHc=
github.com/swaggo/gin-swagger v1.2.0/go.mod h1:qlH2+W9MNRWDyVW+4rPfvn/9Ky7DGRNQXQCawJ5Ays=
github.com/swaggo/swag v1.6.3/go.mod h1:eNTg8pJvn6+CBOFCNZ2QH4Y0f4H48GHHt6YEQXMqME=
github.com/swaggo/swag v1.6.4/go.mod h1:xFajBAim5n/9gaSsCUi72Vvd0yKPnW60eYFVc0yKAk=
github.com/ugorji/go v1.1.7/go.mod h1:kFI+JgMyC7iBKZ7V3+/4+wIDE2479s5e0d+SoMR7U=
github.com/ugorji/go v1.2.7 h1:qYhyWitDJ+8GPEui1jLQNofuwP5RvRpS1bWUw979T4=
github.com/ugorji/go v1.2.7/go.mod h1:nF9osbDWLy6bDVP+Db8dP6rWrieUahYmyR7MSZEtJo=
github.com/ugorji/go/codec v1.1.7/go.mod h1:Ax+UKWsSmolVDwstXtLRXqBKVI+MmLfERP2O5Drinking=
github.com/ugorji/go/codec v1.2.7 h1:YPXUKf7fYbp/y8xloBqZOw2qaVggbfwMlI8++KrNqY=
github.com/ugorji/go/codec v1.2.7/go.mod h1:WGN1fab3R1fzQlVQTkfxVtIBd8KFBpJP5XfZ9EvemY=
github.com/xr61/zerosugar v0.1.0/go.mod h1:fFnXCL1nHGLX/8h8C0RIIVAWs+cVKU6B1/vYO1T5z4=
github.com/xr61/zerosugar v0.1.1/go.mod h1:fFnXCL1nHGLX/8h8C0RIIVAWs+cVKU6B1/vYO1T5z4=
github.com/xxjwxc/gowp v0.0.0-20190528192518-ef1b16da32d3/go.mod h1:PdJoHxL2w+g20zcpqLwgTJFcWTrVcKJzIoHx7EdkYU=
github.com/zRedShift/mimemagic v0.0.0-20180220171330-58289302c5ca/go.mod h1:4Y4gILSXJ/2m1nVCRNEVP19sSqnEFGw4gWXVzG9cGc=
go.uber.org/atomic v1.3.2/go.mod h1:gD2HeocX3+ysFw+dLvLstqJ53+XCToWxrtqsNWAQH0=
go.uber.org/atomic v1.4.0/go.mod h1:gD2HeocX3+ysFw+dLvLstqJ53+XCToWxrtqsNWAQH0=
go.uber.org/multierr v1.1.0/go.mod h1:wR5kodmAFQ0UK8QlbwjlSNy0Z68gJOYCUStlrBMwqI=
go.uber.org/multierr v1.2.0/go.mod h1:wR5kodmAFQ0UK8QlbwjlSNy0Z68gJOYCUStlrBMwqI=
go.uber.org/zap v1.9.1/go.mod h1:ArCz+Ef+OMAry6Z4z6vLY+3WJfsqMOJJe8BAnnxTWM=
go.uber.org/zap v1.10.0/go.mod h1:VBWWTCCGd5NLpUv6O/F3nCjeyvNnoWDAVMxR+2pcU=
golang.org/x/crypto v0.0.0-20190308221718-c2843e01d9a2/go.mod h1:djNgcEr1/C05ACkg1iLfiJU5Ep4timestamp+o4M+f=
golang.org/x/crypto v0.0.0-20190320223903-b7391e95eefc/go.mod h1:LCzVGOaR6xXout9saKChc8iEUNVY+yeLY+izBvndQ8=
golang.org/x/crypto v0.0.0-20190426145343-a29dc8fdc734/go.mod h1:yigFU9vqHzYiE8UmvKecakEJjdyWlZ7CZlq3pjWRHo=
golang.org/x/crypto v0.0.0-20191011191535-87747d07d69b/go.mod h1:yigFU9vqHzYiE8UmvKecakEJjdyWlZ7CZlq3pjWRHo=
golang.org/x/crypto v0.0.0-20211030160387-2b1494799b1f/go.mod h1:IxCIyHEi3zRg3s0A5j5BB6A9Jac2btUbIBA7/drQDA=
golang.org/x/crypto v0.0.0-20211215165025-cf75a172585e/go.mod h1:P+XxIgxnMU3zuzts8jWXUubJV02DVtnAXYN0FqxDjg=
golang.org/x/lint v0.0.0-20181026193005-c67002cb31c3/go.mod h1:UVdnD1Gm6xHRNCYTkRU2/jEulfH38KcIWM/36eTB3=
golang.org/x/lint v0.0.0-20190227174305-5b3e6a55c961/go.mod h1:weHnAg19IM6B6vMRn0w/J200ND+oB0SRKSTM2ecf34=
golang.org/x/lint v0.0.0-20190301231843-5614ed5bae6f/go.mod h1:UVdnD1Gm6xHRNCYTkRU2/jEulfH38KcIWM/36eTB3=
golang.org/x/lint v0.0.0-20190313153728-d0100b6bd8b3/go.mod h1:6SW0HCj/g11FgYtHlgbTK7hkBlLVDmln4kpVj7EkOI=
golang.org/x/lint v0.0.0-20190409202823-959b441ac422/go.mod h1:6SW0HCj/g11FgYtHlgbTK7hkBlLVDmln4kpVj7EkOI=
golang.org/x/lint v0.0.0-20190930215403-16217165b5de/go.mod h1:6SW0HCj/g11FgYtHlgbTK7hkBlLVDmln4kpVj7EkOI=
golang.org/x/lint v0.0.0-20191125180803-fdd1cda4f05f/go.mod h1:5qsDy12EF8y6kqo8FSWcWDjE11nGiFuwKZEqrzc00=
golang.org/x/lint v0.0.0-20200302205851-738671d3881b/go.mod h1:3xt1FjdF8hUf6vQPIYcblvLd6Q3JqMGe0qJlze7s3=
golang.org/x/lint v0.0.0-20201208152925-83fdc39ff7ca/go.mod h1:3xt1FjdF8hUf6vQPIYcblvLd6Q3JqMGe0qJlze7s3=
golang.org/x/mod v0.0.0-20190513213921-7cc39fea637f/go.mod h1:m0Cn9dWOgIKwk+R86tnCSD9KiYP5Q0SBrrhAmcUPhU=
golang.org/x/mod v0.1.0/go.mod h1:0QHyrYULFK023ePFIICP/Yconde/charLatE8Dc93/8=
golang.org/x/mod v0.1.1-0.20190105210820-e2b59ebb3afe/go.mod h1:0QHyrYULFK023ePFIICP/Yconde/charLatE8Dc93/8=
golang.org/x/mod v0.1.1-0.20190418235432-991aa3e89502/go.mod h1:0QHyrYULFK023ePFIICP/Yconde/charLatE8Dc93/8=
golang.org/x/mod v0.2.0/go.mod h1:s0Qsok1UJXBOocp7D7satD9byn9dcDemMkKBj9c7Y8=
golang.org/x/mod v0.3.0/go.mod h1:s0Qsok1UJXBOocp7D7satD9byn9dcDemMkKBj9c7Y8=
golang.org/x/mod v0.4.0/go.mod h1:s0Qsok1UJXBOocp7D7satD9byn9dcDemMkKBj9c7Y8=
golang.org/x/mod v0.4.1/go.mod h1:s0Qsok1UJXBOocp7D7satD9byn9dcDemMkKBj9c7Y8=
golang.org/x/mod v0.4.2/go.mod h1:s0Qsok1UJXBOocp7D7satD9byn9dcDemMkKBj9c7Y8=
golang.org/x/net v0.0.0-20180719180050-a680a1efc54d/go.mod h1:mL1N/T3taQHkDXs73rZJwtUhF3w3ftmwwsq0BL/Tyc=
golang.org/x/net v0.0.0-20181003013248-f5e7ba7c0335/go.mod h1:mL1N/T3taQHkDXs73rZJwtUhF3w3ftmwwsq0BL/Tyc=
golang.org/x/net v0.0.0-20190108225652-1e06a53dbb7e/go.mod h1:mL1N/T3taQHkDXs73rZJwtUhF3w3ftmwwsq0BL/Tyc=
golang.org/x/net v0.0.0-20190213212402-3f9db8f2b1eb/go.mod h1:mL1N/T3taQHkDXs73rZJwtUhF3w3ftmwwsq0BL/Tyc=
golang.org/x/net v0.0.0-20190311183353-d8887717615a/go.mod h1:t9HGtf8HONx5eT2rtn7q6eTqICYqrEXnTr7p7rO8c0=
golang.org/x/net v0.0.0-20190320064053-1272bf9dcd53/go.mod h1:t9HGtf8HONx5eT2rtn7q6eTqICYqrEXnTr7p7rO8c0=
golang.org/x/net v0.0.0-20190404232315-eb5bcb51f2a3/go.mod h1:t9HGtf8HONx5eT2rtn7q6eTqICYqrEXnTr7p7rO8c0=
golang.org/x/net v0.0.0-20190503192946-f4e0d293a9ab/go.mod h1:t9HGtf8HONx5eT2rtn7q6eTqICYqrEXnTr7p7rO8c0=
golang.org/x/net v0.0.0-20190620200207-3b0461cf6e8e/go.mod h1:z5CRVTTTmAJ677MTMmModulaxvMRwPLhPXaIoDI2pl=
golang.org/x/net v0.0.0-20190628185345-da137c7871d7/go.mod h1:z5CRVTTTmAJ677MTMmModulaxvMRwPLhPXaIoDI2pl=
golang.org/x/net v0.0.0-20200226121028-0de0cce0169b/go.mod h1:z5CRVTTTmAJ677MTMmModulaxvMRwPLhPXaIoDI2pl=
golang.org/x/net v0.0.0-20201021035429-f5854403a52d/go.mod h1:sp8m0HH+o8cEJYFSaO+cuVMTjVoAiul1w33aBl32kM=
golang.org/x/net v0.0.0-20211015210444-4f30a5c0130f/go.mod h1:9nx8QudumarXMQCOozMxstBBctPW4GOP1ycVnnaDbc=
golang.org/x/oauth2 v0.0.0-20180821212333-d2e6202438be/go.mod h1:N/0e6XlmueqKjAGxoOufVs8QHGRmnfI3sMjFqYKHRM=
golang.org/x/sync v0.0.0-20180314180146-1d60e4601c6f/go.mod h1:RxMgew5VJxzqeWrWiQvHmeXks9gzAEL8oMyGND7sls=
golang.org/x/sync v0.0.0-20181108010431-42b317875d0f/go.mod h1:RxMgew5VJxzqeWrWiQvHmeXks9gzAEL8oMyGND7sls=
golang.org/x/sync v0.0.0-20190227155943-e225da77a7e6/go.mod h1:RxMgew5VJxzqeWrWiQvHmeXks9gzAEL8oMyGND7sls=
golang.org/x/sync v0.0.0-20190423024810-112230192c58/go.mod h1:RxMgew5VJxzqeWrWiQvHmeXks9gzAEL8oMyGND7sls=
golang.org/x/sync v0.0.0-20210220032951-036812b6c3fb/go.mod h1:RxMgew5VJxzqeWrWiQvHmeXks9gzAEL8oMyGND7sls=
golang.org/x/sys v0.0.0-20180318190847-486391d2da01/go.mod h1:STP8DvDyc/dI5b8T5hshtkjS7I94c6cWd/tOUulQyU=
golang.org/x/sys v0.0.0-20180905080454-ebe1bf3edb33/go.mod h1:STP8DvDyc/dI5b8T5hshtkjS7I94c6cWd/tOUulQyU=
golang.org/x/sys v0.0.0-20181026203630-95b1ffbd15a5/go.mod h1:STP8DvDyc/dI5b8T5hshtkjS7I94c6cWd/tOUulQyU=
golang.org/x/sys v0.0.0-20190204203706-41f3e6b4c313/go.mod h1:STP8DvDyc/dI5b8T5hshtkjS7I94c6cWd/tOUulQyU=
golang.org/x/sys v0.0.0-20190215142949-d0b11bdaac8a/go.mod h1:STP8DvDyc/dI5b8T5hshtkjS7I94c6cWd/tOUulQyU=
golang.org/x/sys v0.0.0-20190312061237-fead79001313/go.mod h1:h1NjWce9XRLGQEsW7wpKNCjG9DtNlSmv51pP9cqfGk=
golang.org/x/sys v0.0.0-20190412213650-d0acf91ac822/go.mod h1:h1NjWce9XRLGQEsW7wpKNCjG9DtNlSmv51pP9cqfGk=
golang.org/x/sys v0.0.0-20190419153130-665a8eca57cc/go.mod h1:h1NjWce9XRLGQEsW7wpKNCjG9DtNlSmv51pP9cqfGk=
golang.org/x/sys v0.0.0-20190616124812-cb1aea458c5e/go.mod h1:h1NjWce9XRLGQEsW7wpKNCjG9DtNlSmv51pP9cqfGk=
golang.org/x/sys v0.0.0-20191026070338-33540a1f6000/go.mod h1:h1NjWce9XRLGQEsW7wpKNCjG9DtNlSmv51pP9cqfGk=
golang.org/x/sys v0.0.0-20200116001909-b77594299b42/go.mod h1:h1NjWce9XRLGQEsW7wpKNCjG9DtNlSmv51pP9cqfGk=
golang.org/x/sys v0.0.0-20200223170610-d5e6a3e2c0ae/go.mod h1:h1NjWce9XRLGQEsW7wpKNCjG9DtNlSmv51pP9cqfGk=
golang.org/x/sys v0.0.0-20200930185726-fdedc70b468f/go.mod h1:h1NjWce9XRLGQEsW7wpKNCjG9DtNlSmv51pP9cqfGk=
golang.org/x/sys v0.0.0-20210119212857-b64e53b001e4/go.mod h1:h1NjWce9XRLGQEsW7wpKNCjG9DtNlSmv51pP9cqfGk=
golang.org/x/sys v0.0.0-20210423082822-04245dca01da/go.mod h1:h1NjWce9XRLGQEsW7wpKNCjG9DtNlSmv51pP9cqfGk=
golang.org/x/sys v0.0.0-20210615035016-665e8c7367d1/go.mod h1:oPkhp1MjuhygE+5RQPhSQOBBPrO6aO1YJWC+y0tIHk=
golang.org/x/sys v0.0.0-20220520151302-bc2c85ada10a h1:dGcAubNd7gs8GTLc1WB+zpb3ZagWUWLinqkqJn+vqo=
golang.org/x/sys v0.0.0-20220520151302-bc2c85ada10a/go.mod h1:oPkhp1MjuhygE+5RQPhSQOBBPrO6aO1YJWC+y0tIHk=
golang.org/x/text v0.3.0/go.mod h1:NqM8EUOU14njkJ3fqDjsn7VRfDl+q+HXLP9sFinVqU=
golang.org/x/text v0.3.2/go.mod h1:bEr9sfX3Q8Zfar5xS9123c3dldBj2xYljYezdDGXNM=
golang.org/x/text v0.3.3/go.mod h1:5Zoc/QRtKVWzQhSJWzphkftBzbaxV7dBxwM5y5KwU=
golang.org/x/text v0.3.6/go.mod h1:5Zoc/QRtKVWzQhSJWzphkftBzbaxV7dBxwM5y5KwU=
golang.org/x/text v0.3.7 h1:olpwvMkj2brNFOB5ot+BzwC3xVrJlWPtnsinCMsPw8=
golang.org/x/text v0.3.7/go.mod h1:u+2+/6zg+i71rQMx5EYifCy2/ci/b/fJtvQpbnJsWI=
golang.org/x/time v0.0.0-20181108054448-85acf8d2951c/go.mod h1:tRJNPiyCQ0inRvYxbN9jk5I+vvW/OXY1asrHeID34g=
golang.org/x/tools v0.0.0-20180221164845-07fd8470d635/go.mod h1:n7NCudcB/nEzxVGmLbDWY5pfWTLqBcC2KZ6jyYvM4Y=
golang.org/x/tools v0.0.0-20181030221726-6c7e314b6e2e/go.mod h1:n7NCudcB/nEzxVGmLbDWY5pfWTLqBcC2KZ6jyYvM4Y=
golang.org/x/tools v0.0.0-20190114202602-3a7f30ab826d/go.mod h1:n7NCudcB/nEzxVGmLbDWY5pfWTLqBcC2KZ6jyYvM4Y=
golang.org/x/tools v0.0.0-20190226205152-f727befe807d/go.mod h1:9Yl7xDyCkxrNumfn3redPwVgRParCFnSV3qjlHxcaU=
golang.org/x/tools v0.0.0-20190311212946-11955173bddd/go.mod h1:LCzM1tL7DCOErr5r8s19uUp1P+c6dCt1ManpMruWAI=
golang.org/x/tools v0.0.0-20190524140312-2c0ae7006135/go.mod h1:RgjU9mgBXZiqgsN+8VjsztJolesOQQjW0xsrKYR82I=
golang.org/x/tools v0.0.0-20190614205625-2f0f7ff7ef97/go.mod h1:/rFqwRUd4F7ZHNgwIS0ES+SuNrWC1kPJMRaEAwtLGI=
golang.org/x/tools v0.0.0-20191029041327-9cc4af7d6b2c/go.mod h1:b+2E5dAYhXwXZwtnZ6UAqBI28+fn2cll6q05AR+haiU=
golang.org/x/tools v0.0.0-20191112195655-aa38f8e97acc/go.mod h1:b+2E5dAYhXwXZwtnZ6UAqBI28+fn2cll6q05AR+haiU=
golang.org/x/tools v0.0.0-20200117012714-0713b67382b6/go.mod h1:TB2adYChydJhpapKDTVvRlS9XRjBATtiFdCzV2qqtg=
golang.org/x/tools v0.0.0-20200207192155-618eaba37ce5/go.mod h1:TB2adYChydJhpapKDTVvRlS9XRjBATtiFdCzV2qqtg=
golang.org/x/tools v0.0.0-20200501065659-ab2804fb9c1d/go.mod h1:EkVYQZoAsY45+roYkvgYkIh4xh/qjgUK9TdY2XT94=
golang.org/x/tools v0.0.0-20201211192458-21db1488dd75/go.mod h1:emZCQorbCU4nsZNUVfeS1B8xAtmVxqGohcNUBtvxTI=
golang.org/x/xerrors v0.0.0-20190717185122-a985d3407aa7/go.mod h1:I/5z698sn9pIII7leL7DLiYLJ7yE7q/2xsimHnMZ38=
golang.org/x/xerrors v0.0.0-20191011141410-ff504e3a4de3/go.mod h1:I/5z698sn9pIII7leL7DLiYLJ7yE7q/2xsimHnMZ38=
golang.org/x/xerrors v0.0.0-20191204190536-9bdfabe68543/go.mod h1:I/5z698sn9pIII7leL7DLiYLJ7yE7q/2xsimHnMZ38=
golang.org/x/xerrors v0.0.0-20200804184101-5ec99f83aff1/go.mod h1:I/5z698sn9pIII7leL7DLiYLJ7yE7q/2xsimHnMZ38=
google.golang.org/appengine v1.1.0/go.mod h1:EbEs0AVv82hx2wNQdGPgUI5lhzA/G0D9YwQqfIyoNI=
google.golang.org/appengine v1.4.0/go.mod h1:xpcJRLb0r/rnELR9/YWtccye8Yc4f/cMdIf4mKDpY=
google.golang.org/genproto v0.0.0-20180817151627-c66870c02cf8/go.mod h1:JiN7NwzvTkjoRP5sNwd8+s379j8GDHZL9bF1YCAbb4=
google.golang.org/genproto v0.0.0-20190801165951-fa694d86fc64/go.mod h1:DMBHyf+7AppMZLLc0+BHE0F2UMQHandGvDkyR+/3A4=
google.golang.org/genproto v0.0.0-20190819201941-24fa4b261c55/go.mod h1:DMBHyf+7AppMZLLc0+BHE0F2UMQHandGvDkyR+/3A4=
google.golang.org/grpc v1.19.0/go.mod h1:mqu4LbDTu4XGKhr4mRzUsmM4RtVkI8vyp1L8xfvWE=
google.golang.org/grpc v1.20.0/go.mod h1:chYEUgsSStQKlaLiCUUW5zEKHKMRcD7ktAppGSBnt4=
google.golang.org/grpc v1.20.1/go.mod h1:10oTOabMzJvdu6/UiuZezV6QK5dSlysaJZi+eL7SHo=
google.golang.org/grpc v1.21.0/go.mod h1:oYelfM1adQP15Ek0mdvEgi9Df8B9CZIaV1NTJ+ftJ8=
gopkg.in/alecthomas/kingpin.v2 v2.2.6/go.mod h1:FMv+mEhP44wMzisLy5zNd3R32xupJCJkK0BT7y7qVA=
gopkg.in/check.v1 v0.0.0-20161208181325-20d25e280405/go.mod h1:Co6ibVJAznAaIkqp8huTwlPUstCWQ+sBzBqkuBH+40=
gopkg.in/check.v1 v1.0.0-20180628173108-788fd7840127/go.mod h1:Co6ibVJAznAaIkqp8huTwlPUstCWQ+sBzBqkuBH+40=
gopkg.in/check.v1 v1.0.0-20190902080502-41f04d3bba15/go.mod h1:Co6ibVJAznAaIkqp8huTwlPUstCWQ+sBzBqkuBH+40=
gopkg.in/dnaeon/go-vcr.v3 v3.0.1/go.mod h1:gF31YxnW3hd/dyVxXXGESApklydptVsqkMKIpPmtQ8=
gopkg.in/errgo.v2 v2.1.0/go.mod h1:hNsd1EY+bozCKY1Ytp96fpLFDwLJ1ONfuJJoyMcSbs=
gopkg.in/fsnotify.v1 v1.4.7/go.mod h1:Tz8NjZHkW78fSQdbUI0kLMUfxQzUI9n2AuXnnQvUKo=
gopkg.in/go-playground/assert.v1 v1.2.1/go.mod h1:9RXL0bg/zibRF2rtkw5kFva3CstrCoemYqE5WfMY0c=
gopkg.in/go-playground/validator.v9 v9.30.0/go.mod h1:+c9/zcJMFNgbLvly1L1V+PpxWdVbfP1avr/N46nWE=
gopkg.in/natefinch/lumberjack.v2 v2.0.0/go.mod h1:l0ndWWf7gzL7RNwBG7wST/UCcqx4OQou6source/lZf0=
gopkg.in/resty.v1 v1.12.0/go.mod h1:mDo4pnntr5jQH6EvH5ByZWLWwCJ/I9NkL1XuDfBTE=
gopkg.in/testfixtures.v2 v2.5.0/go.mod h1:63prj8cnj0tU0S4oi6d3Vt3f03nsVO4gILogUVe92o=
gopkg.in/yaml.v2 v2.2.2/go.mod h1:hI93XBmqTisBFMUTm0b8Fm+jr3Dg1NNxqwp+5A1VGuI=
gopkg.in/yaml.v2 v2.2.8/go.mod h1:hI93XBmqTisBFMUTm0b8Fm+jr3Dg1NNxqwp+5A1VGuI=
gopkg.in/yaml.v2 v2.4.0 h1:D8xgwECY7CYvx+Y2bgZlUkUz8JrX9ISQC0uckBxNQE=
gopkg.in/yaml.v2 v2.4.0/go.mod h1:RDklbk79AGWmwhnvt/jBztapEOGDOx6ZbimxVJV51Y=
gorm.io/driver/sqlite v1.5.4 h1:IqXwXi8M/ZlPzH/q5zdDcG8kDV7jWYkXvl8KJPleY8=
gorm.io/driver/sqlite v1.5.4/go.mod h1:qxAuCol+2r6PannQDLSNlIqozGgvKJQLypyF+26UqE=
gorm.io/gorm v1.25.4 h1:iyNd8fNqWKTyS5M2Va/XvbnxvaiQrCiMjiW3cERc=
gorm.io/gorm v1.25.4/go.mod h1:L4uxEma+RyZnxf2QubOCUcFjnSEpuUwUW0PqzahsDI=
gotest.tools v2.2.0+incompatible/go.mod h1:DsYFclhmmUmlCELEAEuT0/D6SVLMwsZ+gxL2uVns7Y=
